// !$*UTF8*$!
{
	archiveVersion = 1;
	classes = {
	};
	objectVersion = 46;
	objects = {

/* Begin PBXBuildFile section */
		BDBC9227CBC346C5ADC47CB6 /* libPods.a in Frameworks */ = {isa = PBXBuildFile; fileRef = F172BBDD0FFB49A6A15EA00F /* libPods.a */; };
		DE0596141895C0E500892F24 /* KKUtility.m in Sources */ = {isa = PBXBuildFile; fileRef = DE0596131895C0E500892F24 /* KKUtility.m */; };
		DE05963E1895C85600892F24 /* KKCache.m in Sources */ = {isa = PBXBuildFile; fileRef = DE05963D1895C85600892F24 /* KKCache.m */; };
		DE09D77918AB5AAE00089371 /* KKLoginViewModelTests.m in Sources */ = {isa = PBXBuildFile; fileRef = DE09D77818AB5AAE00089371 /* KKLoginViewModelTests.m */; };
		DE0A2A5F1878E3FE002DC39A /* Main.storyboard in Resources */ = {isa = PBXBuildFile; fileRef = DE0A2A5D1878E3FE002DC39A /* Main.storyboard */; };
		DE56F53718A9E013000BDF13 /* XCTest.framework in Frameworks */ = {isa = PBXBuildFile; fileRef = DEAF54F818786C990019F7FF /* XCTest.framework */; };
		DE56F53818A9E013000BDF13 /* Foundation.framework in Frameworks */ = {isa = PBXBuildFile; fileRef = DEAF54D918786C990019F7FF /* Foundation.framework */; };
		DE56F53918A9E013000BDF13 /* UIKit.framework in Frameworks */ = {isa = PBXBuildFile; fileRef = DEAF54DD18786C990019F7FF /* UIKit.framework */; };
		DE56F53F18A9E013000BDF13 /* InfoPlist.strings in Resources */ = {isa = PBXBuildFile; fileRef = DE56F53D18A9E013000BDF13 /* InfoPlist.strings */; };
		DE85B31A18B11A1E00040A9E /* KKSignUpViewControllerTests.m in Sources */ = {isa = PBXBuildFile; fileRef = DE85B31918B11A1E00040A9E /* KKSignUpViewControllerTests.m */; };
		DE85B31B18B1205500040A9E /* KKLoginViewControllerTests.m in Sources */ = {isa = PBXBuildFile; fileRef = DE7ECB5718AB51250027435A /* KKLoginViewControllerTests.m */; };
		DE85B31D18B1210100040A9E /* KKSignUpViewModelTests.m in Sources */ = {isa = PBXBuildFile; fileRef = DE85B31C18B1210100040A9E /* KKSignUpViewModelTests.m */; };
		DE85B32018B1353900040A9E /* KKForgotPasswordViewControllerTests.m in Sources */ = {isa = PBXBuildFile; fileRef = DE85B31F18B1353900040A9E /* KKForgotPasswordViewControllerTests.m */; };
		DE85B32218B1420E00040A9E /* KKForgotPasswordViewModelTests.m in Sources */ = {isa = PBXBuildFile; fileRef = DE85B32118B1420E00040A9E /* KKForgotPasswordViewModelTests.m */; };
		DE85B32618B145D100040A9E /* PFFacebookUtils+RACExtensions.m in Sources */ = {isa = PBXBuildFile; fileRef = DE85B32518B145D100040A9E /* PFFacebookUtils+RACExtensions.m */; };
		DE85B32918B14A8800040A9E /* PFRACCallbacks+BGS_Extensions.m in Sources */ = {isa = PBXBuildFile; fileRef = DE85B32818B14A8800040A9E /* PFRACCallbacks+BGS_Extensions.m */; };
		DE85B32C18B1735D00040A9E /* PFFile+RACExtensions.m in Sources */ = {isa = PBXBuildFile; fileRef = DE85B32B18B1735D00040A9E /* PFFile+RACExtensions.m */; };
		DE8F39A3187882D3007D3942 /* Crashlytics.framework in Frameworks */ = {isa = PBXBuildFile; fileRef = DE8F39A2187882D3007D3942 /* Crashlytics.framework */; };
		DEAB465E18A5FC79008FB73D /* NSString+EmailAdditions.m in Sources */ = {isa = PBXBuildFile; fileRef = DEAB465418A5FC79008FB73D /* NSString+EmailAdditions.m */; };
		DEAB465F18A5FC79008FB73D /* UIImage+AlphaAdditions.m in Sources */ = {isa = PBXBuildFile; fileRef = DEAB465718A5FC79008FB73D /* UIImage+AlphaAdditions.m */; };
		DEAB466018A5FC79008FB73D /* UIImage+Colorization.m in Sources */ = {isa = PBXBuildFile; fileRef = DEAB465918A5FC79008FB73D /* UIImage+Colorization.m */; };
		DEAB466118A5FC79008FB73D /* UIImage+ResizeAdditions.m in Sources */ = {isa = PBXBuildFile; fileRef = DEAB465B18A5FC79008FB73D /* UIImage+ResizeAdditions.m */; };
		DEAB466218A5FC79008FB73D /* UIImage+RoundedCornerAdditions.m in Sources */ = {isa = PBXBuildFile; fileRef = DEAB465D18A5FC79008FB73D /* UIImage+RoundedCornerAdditions.m */; };
		DEAB466F18A6290C008FB73D /* STPSlideUpTransition.m in Sources */ = {isa = PBXBuildFile; fileRef = DEAB466E18A6290C008FB73D /* STPSlideUpTransition.m */; };
		DEAB467318A682C6008FB73D /* STPCardTransition.m in Sources */ = {isa = PBXBuildFile; fileRef = DEAB467218A682C6008FB73D /* STPCardTransition.m */; };
		DEAB468118A6CA36008FB73D /* JVFloatLabeledTextField+LabelText.m in Sources */ = {isa = PBXBuildFile; fileRef = DEAB468018A6CA36008FB73D /* JVFloatLabeledTextField+LabelText.m */; };
		DEAB468518A80DAC008FB73D /* NOTES.text in Resources */ = {isa = PBXBuildFile; fileRef = DEAB468418A80DAC008FB73D /* NOTES.text */; };
		DEAB468918A82F3C008FB73D /* KKStatusBarNotification.m in Sources */ = {isa = PBXBuildFile; fileRef = DEAB468818A82F3C008FB73D /* KKStatusBarNotification.m */; };
		DEAB468D18A84BBD008FB73D /* System Design Specifications.text in Resources */ = {isa = PBXBuildFile; fileRef = DEAB468C18A84BBD008FB73D /* System Design Specifications.text */; };
		DEAF54DA18786C990019F7FF /* Foundation.framework in Frameworks */ = {isa = PBXBuildFile; fileRef = DEAF54D918786C990019F7FF /* Foundation.framework */; };
		DEAF54DC18786C990019F7FF /* CoreGraphics.framework in Frameworks */ = {isa = PBXBuildFile; fileRef = DEAF54DB18786C990019F7FF /* CoreGraphics.framework */; };
		DEAF54DE18786C990019F7FF /* UIKit.framework in Frameworks */ = {isa = PBXBuildFile; fileRef = DEAF54DD18786C990019F7FF /* UIKit.framework */; };
		DEAF54E418786C990019F7FF /* InfoPlist.strings in Resources */ = {isa = PBXBuildFile; fileRef = DEAF54E218786C990019F7FF /* InfoPlist.strings */; };
		DEAF54E618786C990019F7FF /* main.m in Sources */ = {isa = PBXBuildFile; fileRef = DEAF54E518786C990019F7FF /* main.m */; };
		DEAF54EA18786C990019F7FF /* KKAppDelegate.m in Sources */ = {isa = PBXBuildFile; fileRef = DEAF54E918786C990019F7FF /* KKAppDelegate.m */; };
		DEAF54F218786C990019F7FF /* Images.xcassets in Resources */ = {isa = PBXBuildFile; fileRef = DEAF54F118786C990019F7FF /* Images.xcassets */; };
		DEAF550F18786D8E0019F7FF /* MapKit.framework in Frameworks */ = {isa = PBXBuildFile; fileRef = DEAF550E18786D8E0019F7FF /* MapKit.framework */; };
		DED1DF7D18C77BD200DB9088 /* UIImage+Coloring.m in Sources */ = {isa = PBXBuildFile; fileRef = DED1DF7C18C77BD200DB9088 /* UIImage+Coloring.m */; };
		DEDA636818C8177E00997763 /* KKBarGolfToolbarView.m in Sources */ = {isa = PBXBuildFile; fileRef = DEDA636718C8177E00997763 /* KKBarGolfToolbarView.m */; };
		DEDA639E18C81CCB00997763 /* KKForgotPasswordViewController.m in Sources */ = {isa = PBXBuildFile; fileRef = DEDA636F18C81CCB00997763 /* KKForgotPasswordViewController.m */; };
		DEDA639F18C81CCB00997763 /* KKForgotPasswordViewController.xib in Resources */ = {isa = PBXBuildFile; fileRef = DEDA637018C81CCB00997763 /* KKForgotPasswordViewController.xib */; };
		DEDA63A018C81CCB00997763 /* KKLogInViewController.m in Sources */ = {isa = PBXBuildFile; fileRef = DEDA637218C81CCB00997763 /* KKLogInViewController.m */; };
		DEDA63A118C81CCB00997763 /* KKLoginViewController.xib in Resources */ = {isa = PBXBuildFile; fileRef = DEDA637318C81CCB00997763 /* KKLoginViewController.xib */; };
		DEDA63A218C81CCB00997763 /* KKSignUpViewController.m in Sources */ = {isa = PBXBuildFile; fileRef = DEDA637518C81CCB00997763 /* KKSignUpViewController.m */; };
		DEDA63A318C81CCB00997763 /* KKSignUpViewController.xib in Resources */ = {isa = PBXBuildFile; fileRef = DEDA637618C81CCB00997763 /* KKSignUpViewController.xib */; };
		DEDA63A418C81CCB00997763 /* KKWelcomeViewController.m in Sources */ = {isa = PBXBuildFile; fileRef = DEDA637818C81CCB00997763 /* KKWelcomeViewController.m */; };
		DEDA63A518C81CCB00997763 /* KKForgotPasswordViewModel.m in Sources */ = {isa = PBXBuildFile; fileRef = DEDA637B18C81CCB00997763 /* KKForgotPasswordViewModel.m */; };
		DEDA63A618C81CCB00997763 /* KKLoginViewModel.m in Sources */ = {isa = PBXBuildFile; fileRef = DEDA637D18C81CCB00997763 /* KKLoginViewModel.m */; };
		DEDA63A718C81CCB00997763 /* KKSignUpViewModel.m in Sources */ = {isa = PBXBuildFile; fileRef = DEDA637F18C81CCB00997763 /* KKSignUpViewModel.m */; };
		DEDA63A818C81CCB00997763 /* KKAcknowledgementsViewController.m in Sources */ = {isa = PBXBuildFile; fileRef = DEDA638318C81CCB00997763 /* KKAcknowledgementsViewController.m */; };
		DEDA63A918C81CCB00997763 /* KKCreateRoundViewController.m in Sources */ = {isa = PBXBuildFile; fileRef = DEDA638618C81CCB00997763 /* KKCreateRoundViewController.m */; };
		DEDA63AA18C81CCB00997763 /* KKCurrentLeaderboardViewController.m in Sources */ = {isa = PBXBuildFile; fileRef = DEDA638918C81CCB00997763 /* KKCurrentLeaderboardViewController.m */; };
		DEDA63AB18C81CCB00997763 /* KKDisclaimerViewController.m in Sources */ = {isa = PBXBuildFile; fileRef = DEDA638C18C81CCB00997763 /* KKDisclaimerViewController.m */; };
		DEDA63AC18C81CCB00997763 /* KKJoinRoundViewController.m in Sources */ = {isa = PBXBuildFile; fileRef = DEDA638F18C81CCB00997763 /* KKJoinRoundViewController.m */; };
		DEDA63AD18C81CCB00997763 /* KKModifyCurrentRoundViewController.m in Sources */ = {isa = PBXBuildFile; fileRef = DEDA639118C81CCB00997763 /* KKModifyCurrentRoundViewController.m */; };
		DEDA63AE18C81CCB00997763 /* KKMyPlayerProfileViewController.m in Sources */ = {isa = PBXBuildFile; fileRef = DEDA639418C81CCB00997763 /* KKMyPlayerProfileViewController.m */; };
		DEDA63AF18C81CCB00997763 /* KKMyScorecardViewController.m in Sources */ = {isa = PBXBuildFile; fileRef = DEDA639718C81CCB00997763 /* KKMyScorecardViewController.m */; };
		DEDA63B018C81CCB00997763 /* KKPrivacyPolicyViewController.m in Sources */ = {isa = PBXBuildFile; fileRef = DEDA639A18C81CCB00997763 /* KKPrivacyPolicyViewController.m */; };
		DEDA63B118C81CCB00997763 /* KKHelpViewController.m in Sources */ = {isa = PBXBuildFile; fileRef = DEDA639D18C81CCB00997763 /* KKHelpViewController.m */; };
		DEE2EE9D1891E7EA00FC2991 /* KKConfig.m in Sources */ = {isa = PBXBuildFile; fileRef = DEE2EE9B1891E7EA00FC2991 /* KKConfig.m */; };
		DEE2EEA91891F05300FC2991 /* KKMenuViewController.m in Sources */ = {isa = PBXBuildFile; fileRef = DEE2EEA31891F05300FC2991 /* KKMenuViewController.m */; };
		DEE2EEAA1891F05300FC2991 /* MEAnimationController.m in Sources */ = {isa = PBXBuildFile; fileRef = DEE2EEA61891F05300FC2991 /* MEAnimationController.m */; };
		DEE2EEAB1891F05300FC2991 /* MEDynamicTransition.m in Sources */ = {isa = PBXBuildFile; fileRef = DEE2EEA81891F05300FC2991 /* MEDynamicTransition.m */; };
		DEE2EEAE1891F07B00FC2991 /* KKNavigationController.m in Sources */ = {isa = PBXBuildFile; fileRef = DEE2EEAD1891F07B00FC2991 /* KKNavigationController.m */; };
/* End PBXBuildFile section */

/* Begin PBXContainerItemProxy section */
		DE56F54318A9E013000BDF13 /* PBXContainerItemProxy */ = {
			isa = PBXContainerItemProxy;
			containerPortal = DEAF54CE18786C990019F7FF /* Project object */;
			proxyType = 1;
			remoteGlobalIDString = DEAF54D518786C990019F7FF;
			remoteInfo = "Bar Golf";
		};
/* End PBXContainerItemProxy section */

/* Begin PBXFileReference section */
		17E43A40BFEB41C68877218D /* Pods.xcconfig */ = {isa = PBXFileReference; includeInIndex = 1; lastKnownFileType = text.xcconfig; name = Pods.xcconfig; path = Pods/Pods.xcconfig; sourceTree = "<group>"; };
		DE0596121895C0E500892F24 /* KKUtility.h */ = {isa = PBXFileReference; fileEncoding = 4; lastKnownFileType = sourcecode.c.h; path = KKUtility.h; sourceTree = "<group>"; };
		DE0596131895C0E500892F24 /* KKUtility.m */ = {isa = PBXFileReference; fileEncoding = 4; lastKnownFileType = sourcecode.c.objc; path = KKUtility.m; sourceTree = "<group>"; };
		DE05963C1895C85600892F24 /* KKCache.h */ = {isa = PBXFileReference; fileEncoding = 4; lastKnownFileType = sourcecode.c.h; path = KKCache.h; sourceTree = "<group>"; };
		DE05963D1895C85600892F24 /* KKCache.m */ = {isa = PBXFileReference; fileEncoding = 4; lastKnownFileType = sourcecode.c.objc; path = KKCache.m; sourceTree = "<group>"; };
		DE09D77818AB5AAE00089371 /* KKLoginViewModelTests.m */ = {isa = PBXFileReference; fileEncoding = 4; lastKnownFileType = sourcecode.c.objc; path = KKLoginViewModelTests.m; sourceTree = "<group>"; };
		DE0A2A5E1878E3FE002DC39A /* Base */ = {isa = PBXFileReference; lastKnownFileType = file.storyboard; name = Base; path = Base.lproj/Main.storyboard; sourceTree = "<group>"; };
		DE56F53618A9E013000BDF13 /* Bar Golf Tests.xctest */ = {isa = PBXFileReference; explicitFileType = wrapper.cfbundle; includeInIndex = 0; path = "Bar Golf Tests.xctest"; sourceTree = BUILT_PRODUCTS_DIR; };
		DE56F53C18A9E013000BDF13 /* Bar Golf Tests-Info.plist */ = {isa = PBXFileReference; lastKnownFileType = text.plist.xml; path = "Bar Golf Tests-Info.plist"; sourceTree = "<group>"; };
		DE56F53E18A9E013000BDF13 /* en */ = {isa = PBXFileReference; lastKnownFileType = text.plist.strings; name = en; path = en.lproj/InfoPlist.strings; sourceTree = "<group>"; };
		DE56F54218A9E013000BDF13 /* Bar Golf Tests-Prefix.pch */ = {isa = PBXFileReference; lastKnownFileType = sourcecode.c.h; path = "Bar Golf Tests-Prefix.pch"; sourceTree = "<group>"; };
		DE7ECB5618AB51120027435A /* KKImportHelper.h */ = {isa = PBXFileReference; fileEncoding = 4; lastKnownFileType = sourcecode.c.h; name = KKImportHelper.h; path = Helpers/KKImportHelper.h; sourceTree = "<group>"; };
		DE7ECB5718AB51250027435A /* KKLoginViewControllerTests.m */ = {isa = PBXFileReference; fileEncoding = 4; lastKnownFileType = sourcecode.c.objc; name = KKLoginViewControllerTests.m; path = Views/KKLoginViewControllerTests.m; sourceTree = "<group>"; };
		DE85B31918B11A1E00040A9E /* KKSignUpViewControllerTests.m */ = {isa = PBXFileReference; fileEncoding = 4; lastKnownFileType = sourcecode.c.objc; name = KKSignUpViewControllerTests.m; path = Views/KKSignUpViewControllerTests.m; sourceTree = "<group>"; };
		DE85B31C18B1210100040A9E /* KKSignUpViewModelTests.m */ = {isa = PBXFileReference; fileEncoding = 4; lastKnownFileType = sourcecode.c.objc; path = KKSignUpViewModelTests.m; sourceTree = "<group>"; };
		DE85B31F18B1353900040A9E /* KKForgotPasswordViewControllerTests.m */ = {isa = PBXFileReference; fileEncoding = 4; lastKnownFileType = sourcecode.c.objc; name = KKForgotPasswordViewControllerTests.m; path = Views/KKForgotPasswordViewControllerTests.m; sourceTree = "<group>"; };
		DE85B32118B1420E00040A9E /* KKForgotPasswordViewModelTests.m */ = {isa = PBXFileReference; fileEncoding = 4; lastKnownFileType = sourcecode.c.objc; path = KKForgotPasswordViewModelTests.m; sourceTree = "<group>"; };
		DE85B32418B145D100040A9E /* PFFacebookUtils+RACExtensions.h */ = {isa = PBXFileReference; fileEncoding = 4; lastKnownFileType = sourcecode.c.h; path = "PFFacebookUtils+RACExtensions.h"; sourceTree = "<group>"; };
		DE85B32518B145D100040A9E /* PFFacebookUtils+RACExtensions.m */ = {isa = PBXFileReference; fileEncoding = 4; lastKnownFileType = sourcecode.c.objc; path = "PFFacebookUtils+RACExtensions.m"; sourceTree = "<group>"; };
		DE85B32718B14A8800040A9E /* PFRACCallbacks+BGS_Extensions.h */ = {isa = PBXFileReference; fileEncoding = 4; lastKnownFileType = sourcecode.c.h; path = "PFRACCallbacks+BGS_Extensions.h"; sourceTree = "<group>"; };
		DE85B32818B14A8800040A9E /* PFRACCallbacks+BGS_Extensions.m */ = {isa = PBXFileReference; fileEncoding = 4; lastKnownFileType = sourcecode.c.objc; path = "PFRACCallbacks+BGS_Extensions.m"; sourceTree = "<group>"; };
		DE85B32A18B1735D00040A9E /* PFFile+RACExtensions.h */ = {isa = PBXFileReference; fileEncoding = 4; lastKnownFileType = sourcecode.c.h; path = "PFFile+RACExtensions.h"; sourceTree = "<group>"; };
		DE85B32B18B1735D00040A9E /* PFFile+RACExtensions.m */ = {isa = PBXFileReference; fileEncoding = 4; lastKnownFileType = sourcecode.c.objc; path = "PFFile+RACExtensions.m"; sourceTree = "<group>"; };
		DE8F39A2187882D3007D3942 /* Crashlytics.framework */ = {isa = PBXFileReference; lastKnownFileType = wrapper.framework; path = Crashlytics.framework; sourceTree = "<group>"; };
		DEA274811878DFDC00ABA879 /* Bar Golf-Prefix.pch */ = {isa = PBXFileReference; fileEncoding = 4; lastKnownFileType = sourcecode.c.h; path = "Bar Golf-Prefix.pch"; sourceTree = "<group>"; };
		DEAB465318A5FC79008FB73D /* NSString+EmailAdditions.h */ = {isa = PBXFileReference; fileEncoding = 4; lastKnownFileType = sourcecode.c.h; path = "NSString+EmailAdditions.h"; sourceTree = "<group>"; };
		DEAB465418A5FC79008FB73D /* NSString+EmailAdditions.m */ = {isa = PBXFileReference; fileEncoding = 4; lastKnownFileType = sourcecode.c.objc; path = "NSString+EmailAdditions.m"; sourceTree = "<group>"; };
		DEAB465618A5FC79008FB73D /* UIImage+AlphaAdditions.h */ = {isa = PBXFileReference; fileEncoding = 4; lastKnownFileType = sourcecode.c.h; path = "UIImage+AlphaAdditions.h"; sourceTree = "<group>"; };
		DEAB465718A5FC79008FB73D /* UIImage+AlphaAdditions.m */ = {isa = PBXFileReference; fileEncoding = 4; lastKnownFileType = sourcecode.c.objc; path = "UIImage+AlphaAdditions.m"; sourceTree = "<group>"; };
		DEAB465818A5FC79008FB73D /* UIImage+Colorization.h */ = {isa = PBXFileReference; fileEncoding = 4; lastKnownFileType = sourcecode.c.h; path = "UIImage+Colorization.h"; sourceTree = "<group>"; };
		DEAB465918A5FC79008FB73D /* UIImage+Colorization.m */ = {isa = PBXFileReference; fileEncoding = 4; lastKnownFileType = sourcecode.c.objc; path = "UIImage+Colorization.m"; sourceTree = "<group>"; };
		DEAB465A18A5FC79008FB73D /* UIImage+ResizeAdditions.h */ = {isa = PBXFileReference; fileEncoding = 4; lastKnownFileType = sourcecode.c.h; path = "UIImage+ResizeAdditions.h"; sourceTree = "<group>"; };
		DEAB465B18A5FC79008FB73D /* UIImage+ResizeAdditions.m */ = {isa = PBXFileReference; fileEncoding = 4; lastKnownFileType = sourcecode.c.objc; path = "UIImage+ResizeAdditions.m"; sourceTree = "<group>"; };
		DEAB465C18A5FC79008FB73D /* UIImage+RoundedCornerAdditions.h */ = {isa = PBXFileReference; fileEncoding = 4; lastKnownFileType = sourcecode.c.h; path = "UIImage+RoundedCornerAdditions.h"; sourceTree = "<group>"; };
		DEAB465D18A5FC79008FB73D /* UIImage+RoundedCornerAdditions.m */ = {isa = PBXFileReference; fileEncoding = 4; lastKnownFileType = sourcecode.c.objc; path = "UIImage+RoundedCornerAdditions.m"; sourceTree = "<group>"; };
		DEAB466D18A6290C008FB73D /* STPSlideUpTransition.h */ = {isa = PBXFileReference; fileEncoding = 4; lastKnownFileType = sourcecode.c.h; path = STPSlideUpTransition.h; sourceTree = "<group>"; };
		DEAB466E18A6290C008FB73D /* STPSlideUpTransition.m */ = {isa = PBXFileReference; fileEncoding = 4; lastKnownFileType = sourcecode.c.objc; path = STPSlideUpTransition.m; sourceTree = "<group>"; };
		DEAB467118A682C6008FB73D /* STPCardTransition.h */ = {isa = PBXFileReference; fileEncoding = 4; lastKnownFileType = sourcecode.c.h; path = STPCardTransition.h; sourceTree = "<group>"; };
		DEAB467218A682C6008FB73D /* STPCardTransition.m */ = {isa = PBXFileReference; fileEncoding = 4; lastKnownFileType = sourcecode.c.objc; path = STPCardTransition.m; sourceTree = "<group>"; };
		DEAB467418A68522008FB73D /* KKAllSTPTransitions.h */ = {isa = PBXFileReference; fileEncoding = 4; lastKnownFileType = sourcecode.c.h; path = KKAllSTPTransitions.h; sourceTree = "<group>"; };
		DEAB467F18A6CA36008FB73D /* JVFloatLabeledTextField+LabelText.h */ = {isa = PBXFileReference; fileEncoding = 4; lastKnownFileType = sourcecode.c.h; path = "JVFloatLabeledTextField+LabelText.h"; sourceTree = "<group>"; };
		DEAB468018A6CA36008FB73D /* JVFloatLabeledTextField+LabelText.m */ = {isa = PBXFileReference; fileEncoding = 4; lastKnownFileType = sourcecode.c.objc; path = "JVFloatLabeledTextField+LabelText.m"; sourceTree = "<group>"; };
		DEAB468418A80DAC008FB73D /* NOTES.text */ = {isa = PBXFileReference; fileEncoding = 4; lastKnownFileType = text; path = NOTES.text; sourceTree = "<group>"; };
		DEAB468718A82F3C008FB73D /* KKStatusBarNotification.h */ = {isa = PBXFileReference; fileEncoding = 4; lastKnownFileType = sourcecode.c.h; path = KKStatusBarNotification.h; sourceTree = "<group>"; };
		DEAB468818A82F3C008FB73D /* KKStatusBarNotification.m */ = {isa = PBXFileReference; fileEncoding = 4; lastKnownFileType = sourcecode.c.objc; path = KKStatusBarNotification.m; sourceTree = "<group>"; };
		DEAB468C18A84BBD008FB73D /* System Design Specifications.text */ = {isa = PBXFileReference; fileEncoding = 4; lastKnownFileType = text; path = "System Design Specifications.text"; sourceTree = "<group>"; };
		DEAF54D618786C990019F7FF /* Bar Golf.app */ = {isa = PBXFileReference; explicitFileType = wrapper.application; includeInIndex = 0; path = "Bar Golf.app"; sourceTree = BUILT_PRODUCTS_DIR; };
		DEAF54D918786C990019F7FF /* Foundation.framework */ = {isa = PBXFileReference; lastKnownFileType = wrapper.framework; name = Foundation.framework; path = System/Library/Frameworks/Foundation.framework; sourceTree = SDKROOT; };
		DEAF54DB18786C990019F7FF /* CoreGraphics.framework */ = {isa = PBXFileReference; lastKnownFileType = wrapper.framework; name = CoreGraphics.framework; path = System/Library/Frameworks/CoreGraphics.framework; sourceTree = SDKROOT; };
		DEAF54DD18786C990019F7FF /* UIKit.framework */ = {isa = PBXFileReference; lastKnownFileType = wrapper.framework; name = UIKit.framework; path = System/Library/Frameworks/UIKit.framework; sourceTree = SDKROOT; };
		DEAF54E118786C990019F7FF /* Bar Golf-Info.plist */ = {isa = PBXFileReference; lastKnownFileType = text.plist.xml; path = "Bar Golf-Info.plist"; sourceTree = "<group>"; };
		DEAF54E318786C990019F7FF /* en */ = {isa = PBXFileReference; lastKnownFileType = text.plist.strings; name = en; path = en.lproj/InfoPlist.strings; sourceTree = "<group>"; };
		DEAF54E518786C990019F7FF /* main.m */ = {isa = PBXFileReference; lastKnownFileType = sourcecode.c.objc; path = main.m; sourceTree = "<group>"; };
		DEAF54E818786C990019F7FF /* KKAppDelegate.h */ = {isa = PBXFileReference; lastKnownFileType = sourcecode.c.h; path = KKAppDelegate.h; sourceTree = "<group>"; };
		DEAF54E918786C990019F7FF /* KKAppDelegate.m */ = {isa = PBXFileReference; lastKnownFileType = sourcecode.c.objc; path = KKAppDelegate.m; sourceTree = "<group>"; };
		DEAF54F118786C990019F7FF /* Images.xcassets */ = {isa = PBXFileReference; lastKnownFileType = folder.assetcatalog; path = Images.xcassets; sourceTree = "<group>"; };
		DEAF54F818786C990019F7FF /* XCTest.framework */ = {isa = PBXFileReference; lastKnownFileType = wrapper.framework; name = XCTest.framework; path = Library/Frameworks/XCTest.framework; sourceTree = DEVELOPER_DIR; };
		DEAF550E18786D8E0019F7FF /* MapKit.framework */ = {isa = PBXFileReference; lastKnownFileType = wrapper.framework; name = MapKit.framework; path = System/Library/Frameworks/MapKit.framework; sourceTree = SDKROOT; };
		DED1DF7B18C77BD200DB9088 /* UIImage+Coloring.h */ = {isa = PBXFileReference; fileEncoding = 4; lastKnownFileType = sourcecode.c.h; path = "UIImage+Coloring.h"; sourceTree = "<group>"; };
		DED1DF7C18C77BD200DB9088 /* UIImage+Coloring.m */ = {isa = PBXFileReference; fileEncoding = 4; lastKnownFileType = sourcecode.c.objc; path = "UIImage+Coloring.m"; sourceTree = "<group>"; };
		DEDA636618C8177E00997763 /* KKBarGolfToolbarView.h */ = {isa = PBXFileReference; fileEncoding = 4; lastKnownFileType = sourcecode.c.h; name = KKBarGolfToolbarView.h; path = Views/KKBarGolfToolbarView.h; sourceTree = "<group>"; };
		DEDA636718C8177E00997763 /* KKBarGolfToolbarView.m */ = {isa = PBXFileReference; fileEncoding = 4; lastKnownFileType = sourcecode.c.objc; name = KKBarGolfToolbarView.m; path = Views/KKBarGolfToolbarView.m; sourceTree = "<group>"; };
		DEDA636E18C81CCB00997763 /* KKForgotPasswordViewController.h */ = {isa = PBXFileReference; fileEncoding = 4; lastKnownFileType = sourcecode.c.h; path = KKForgotPasswordViewController.h; sourceTree = "<group>"; };
		DEDA636F18C81CCB00997763 /* KKForgotPasswordViewController.m */ = {isa = PBXFileReference; fileEncoding = 4; lastKnownFileType = sourcecode.c.objc; path = KKForgotPasswordViewController.m; sourceTree = "<group>"; };
		DEDA637018C81CCB00997763 /* KKForgotPasswordViewController.xib */ = {isa = PBXFileReference; fileEncoding = 4; lastKnownFileType = file.xib; path = KKForgotPasswordViewController.xib; sourceTree = "<group>"; };
		DEDA637118C81CCB00997763 /* KKLogInViewController.h */ = {isa = PBXFileReference; fileEncoding = 4; lastKnownFileType = sourcecode.c.h; path = KKLogInViewController.h; sourceTree = "<group>"; };
		DEDA637218C81CCB00997763 /* KKLogInViewController.m */ = {isa = PBXFileReference; fileEncoding = 4; lastKnownFileType = sourcecode.c.objc; path = KKLogInViewController.m; sourceTree = "<group>"; };
		DEDA637318C81CCB00997763 /* KKLoginViewController.xib */ = {isa = PBXFileReference; fileEncoding = 4; lastKnownFileType = file.xib; path = KKLoginViewController.xib; sourceTree = "<group>"; };
		DEDA637418C81CCB00997763 /* KKSignUpViewController.h */ = {isa = PBXFileReference; fileEncoding = 4; lastKnownFileType = sourcecode.c.h; path = KKSignUpViewController.h; sourceTree = "<group>"; };
		DEDA637518C81CCB00997763 /* KKSignUpViewController.m */ = {isa = PBXFileReference; fileEncoding = 4; lastKnownFileType = sourcecode.c.objc; path = KKSignUpViewController.m; sourceTree = "<group>"; };
		DEDA637618C81CCB00997763 /* KKSignUpViewController.xib */ = {isa = PBXFileReference; fileEncoding = 4; lastKnownFileType = file.xib; path = KKSignUpViewController.xib; sourceTree = "<group>"; };
		DEDA637718C81CCB00997763 /* KKWelcomeViewController.h */ = {isa = PBXFileReference; fileEncoding = 4; lastKnownFileType = sourcecode.c.h; path = KKWelcomeViewController.h; sourceTree = "<group>"; };
		DEDA637818C81CCB00997763 /* KKWelcomeViewController.m */ = {isa = PBXFileReference; fileEncoding = 4; lastKnownFileType = sourcecode.c.objc; path = KKWelcomeViewController.m; sourceTree = "<group>"; };
		DEDA637A18C81CCB00997763 /* KKForgotPasswordViewModel.h */ = {isa = PBXFileReference; fileEncoding = 4; lastKnownFileType = sourcecode.c.h; path = KKForgotPasswordViewModel.h; sourceTree = "<group>"; };
		DEDA637B18C81CCB00997763 /* KKForgotPasswordViewModel.m */ = {isa = PBXFileReference; fileEncoding = 4; lastKnownFileType = sourcecode.c.objc; path = KKForgotPasswordViewModel.m; sourceTree = "<group>"; };
		DEDA637C18C81CCB00997763 /* KKLoginViewModel.h */ = {isa = PBXFileReference; fileEncoding = 4; lastKnownFileType = sourcecode.c.h; path = KKLoginViewModel.h; sourceTree = "<group>"; };
		DEDA637D18C81CCB00997763 /* KKLoginViewModel.m */ = {isa = PBXFileReference; fileEncoding = 4; lastKnownFileType = sourcecode.c.objc; path = KKLoginViewModel.m; sourceTree = "<group>"; };
		DEDA637E18C81CCB00997763 /* KKSignUpViewModel.h */ = {isa = PBXFileReference; fileEncoding = 4; lastKnownFileType = sourcecode.c.h; path = KKSignUpViewModel.h; sourceTree = "<group>"; };
		DEDA637F18C81CCB00997763 /* KKSignUpViewModel.m */ = {isa = PBXFileReference; fileEncoding = 4; lastKnownFileType = sourcecode.c.objc; path = KKSignUpViewModel.m; sourceTree = "<group>"; };
		DEDA638218C81CCB00997763 /* KKAcknowledgementsViewController.h */ = {isa = PBXFileReference; fileEncoding = 4; lastKnownFileType = sourcecode.c.h; path = KKAcknowledgementsViewController.h; sourceTree = "<group>"; };
		DEDA638318C81CCB00997763 /* KKAcknowledgementsViewController.m */ = {isa = PBXFileReference; fileEncoding = 4; lastKnownFileType = sourcecode.c.objc; path = KKAcknowledgementsViewController.m; sourceTree = "<group>"; };
		DEDA638518C81CCB00997763 /* KKCreateRoundViewController.h */ = {isa = PBXFileReference; fileEncoding = 4; lastKnownFileType = sourcecode.c.h; path = KKCreateRoundViewController.h; sourceTree = "<group>"; };
		DEDA638618C81CCB00997763 /* KKCreateRoundViewController.m */ = {isa = PBXFileReference; fileEncoding = 4; lastKnownFileType = sourcecode.c.objc; path = KKCreateRoundViewController.m; sourceTree = "<group>"; };
		DEDA638818C81CCB00997763 /* KKCurrentLeaderboardViewController.h */ = {isa = PBXFileReference; fileEncoding = 4; lastKnownFileType = sourcecode.c.h; path = KKCurrentLeaderboardViewController.h; sourceTree = "<group>"; };
		DEDA638918C81CCB00997763 /* KKCurrentLeaderboardViewController.m */ = {isa = PBXFileReference; fileEncoding = 4; lastKnownFileType = sourcecode.c.objc; path = KKCurrentLeaderboardViewController.m; sourceTree = "<group>"; };
		DEDA638B18C81CCB00997763 /* KKDisclaimerViewController.h */ = {isa = PBXFileReference; fileEncoding = 4; lastKnownFileType = sourcecode.c.h; path = KKDisclaimerViewController.h; sourceTree = "<group>"; };
		DEDA638C18C81CCB00997763 /* KKDisclaimerViewController.m */ = {isa = PBXFileReference; fileEncoding = 4; lastKnownFileType = sourcecode.c.objc; path = KKDisclaimerViewController.m; sourceTree = "<group>"; };
		DEDA638E18C81CCB00997763 /* KKJoinRoundViewController.h */ = {isa = PBXFileReference; fileEncoding = 4; lastKnownFileType = sourcecode.c.h; path = KKJoinRoundViewController.h; sourceTree = "<group>"; };
		DEDA638F18C81CCB00997763 /* KKJoinRoundViewController.m */ = {isa = PBXFileReference; fileEncoding = 4; lastKnownFileType = sourcecode.c.objc; path = KKJoinRoundViewController.m; sourceTree = "<group>"; };
		DEDA639018C81CCB00997763 /* KKModifyCurrentRoundViewController.h */ = {isa = PBXFileReference; fileEncoding = 4; lastKnownFileType = sourcecode.c.h; path = KKModifyCurrentRoundViewController.h; sourceTree = "<group>"; };
		DEDA639118C81CCB00997763 /* KKModifyCurrentRoundViewController.m */ = {isa = PBXFileReference; fileEncoding = 4; lastKnownFileType = sourcecode.c.objc; path = KKModifyCurrentRoundViewController.m; sourceTree = "<group>"; };
		DEDA639318C81CCB00997763 /* KKMyPlayerProfileViewController.h */ = {isa = PBXFileReference; fileEncoding = 4; lastKnownFileType = sourcecode.c.h; path = KKMyPlayerProfileViewController.h; sourceTree = "<group>"; };
		DEDA639418C81CCB00997763 /* KKMyPlayerProfileViewController.m */ = {isa = PBXFileReference; fileEncoding = 4; lastKnownFileType = sourcecode.c.objc; path = KKMyPlayerProfileViewController.m; sourceTree = "<group>"; };
		DEDA639618C81CCB00997763 /* KKMyScorecardViewController.h */ = {isa = PBXFileReference; fileEncoding = 4; lastKnownFileType = sourcecode.c.h; path = KKMyScorecardViewController.h; sourceTree = "<group>"; };
		DEDA639718C81CCB00997763 /* KKMyScorecardViewController.m */ = {isa = PBXFileReference; fileEncoding = 4; lastKnownFileType = sourcecode.c.objc; path = KKMyScorecardViewController.m; sourceTree = "<group>"; };
		DEDA639918C81CCB00997763 /* KKPrivacyPolicyViewController.h */ = {isa = PBXFileReference; fileEncoding = 4; lastKnownFileType = sourcecode.c.h; path = KKPrivacyPolicyViewController.h; sourceTree = "<group>"; };
		DEDA639A18C81CCB00997763 /* KKPrivacyPolicyViewController.m */ = {isa = PBXFileReference; fileEncoding = 4; lastKnownFileType = sourcecode.c.objc; path = KKPrivacyPolicyViewController.m; sourceTree = "<group>"; };
		DEDA639C18C81CCB00997763 /* KKHelpViewController.h */ = {isa = PBXFileReference; fileEncoding = 4; lastKnownFileType = sourcecode.c.h; path = KKHelpViewController.h; sourceTree = "<group>"; };
		DEDA639D18C81CCB00997763 /* KKHelpViewController.m */ = {isa = PBXFileReference; fileEncoding = 4; lastKnownFileType = sourcecode.c.objc; path = KKHelpViewController.m; sourceTree = "<group>"; };
		DEE2EE9A1891E7EA00FC2991 /* KKConfig.h */ = {isa = PBXFileReference; fileEncoding = 4; lastKnownFileType = sourcecode.c.h; path = KKConfig.h; sourceTree = "<group>"; };
		DEE2EE9B1891E7EA00FC2991 /* KKConfig.m */ = {isa = PBXFileReference; fileEncoding = 4; lastKnownFileType = sourcecode.c.objc; path = KKConfig.m; sourceTree = "<group>"; };
		DEE2EE9C1891E7EA00FC2991 /* KKMacros.h */ = {isa = PBXFileReference; fileEncoding = 4; lastKnownFileType = sourcecode.c.h; path = KKMacros.h; sourceTree = "<group>"; };
		DEE2EEA21891F05300FC2991 /* KKMenuViewController.h */ = {isa = PBXFileReference; fileEncoding = 4; lastKnownFileType = sourcecode.c.h; path = KKMenuViewController.h; sourceTree = "<group>"; };
		DEE2EEA31891F05300FC2991 /* KKMenuViewController.m */ = {isa = PBXFileReference; fileEncoding = 4; lastKnownFileType = sourcecode.c.objc; path = KKMenuViewController.m; sourceTree = "<group>"; };
		DEE2EEA51891F05300FC2991 /* MEAnimationController.h */ = {isa = PBXFileReference; fileEncoding = 4; lastKnownFileType = sourcecode.c.h; path = MEAnimationController.h; sourceTree = "<group>"; };
		DEE2EEA61891F05300FC2991 /* MEAnimationController.m */ = {isa = PBXFileReference; fileEncoding = 4; lastKnownFileType = sourcecode.c.objc; path = MEAnimationController.m; sourceTree = "<group>"; };
		DEE2EEA71891F05300FC2991 /* MEDynamicTransition.h */ = {isa = PBXFileReference; fileEncoding = 4; lastKnownFileType = sourcecode.c.h; path = MEDynamicTransition.h; sourceTree = "<group>"; };
		DEE2EEA81891F05300FC2991 /* MEDynamicTransition.m */ = {isa = PBXFileReference; fileEncoding = 4; lastKnownFileType = sourcecode.c.objc; path = MEDynamicTransition.m; sourceTree = "<group>"; };
		DEE2EEAC1891F07B00FC2991 /* KKNavigationController.h */ = {isa = PBXFileReference; fileEncoding = 4; lastKnownFileType = sourcecode.c.h; path = KKNavigationController.h; sourceTree = "<group>"; };
		DEE2EEAD1891F07B00FC2991 /* KKNavigationController.m */ = {isa = PBXFileReference; fileEncoding = 4; lastKnownFileType = sourcecode.c.objc; path = KKNavigationController.m; sourceTree = "<group>"; };
		F172BBDD0FFB49A6A15EA00F /* libPods.a */ = {isa = PBXFileReference; explicitFileType = archive.ar; includeInIndex = 0; path = libPods.a; sourceTree = BUILT_PRODUCTS_DIR; };
/* End PBXFileReference section */

/* Begin PBXFrameworksBuildPhase section */
		DE56F53318A9E013000BDF13 /* Frameworks */ = {
			isa = PBXFrameworksBuildPhase;
			buildActionMask = 2147483647;
			files = (
				DE56F53718A9E013000BDF13 /* XCTest.framework in Frameworks */,
				DE56F53918A9E013000BDF13 /* UIKit.framework in Frameworks */,
				DE56F53818A9E013000BDF13 /* Foundation.framework in Frameworks */,
			);
			runOnlyForDeploymentPostprocessing = 0;
		};
		DEAF54D318786C990019F7FF /* Frameworks */ = {
			isa = PBXFrameworksBuildPhase;
			buildActionMask = 2147483647;
			files = (
				DEAF550F18786D8E0019F7FF /* MapKit.framework in Frameworks */,
				DEAF54DC18786C990019F7FF /* CoreGraphics.framework in Frameworks */,
				DEAF54DE18786C990019F7FF /* UIKit.framework in Frameworks */,
				DEAF54DA18786C990019F7FF /* Foundation.framework in Frameworks */,
				DE8F39A3187882D3007D3942 /* Crashlytics.framework in Frameworks */,
				BDBC9227CBC346C5ADC47CB6 /* libPods.a in Frameworks */,
			);
			runOnlyForDeploymentPostprocessing = 0;
		};
/* End PBXFrameworksBuildPhase section */

/* Begin PBXGroup section */
		DE0596841895F2BE00892F24 /* External */ = {
			isa = PBXGroup;
			children = (
				DEAB468618A82F1C008FB73D /* Subclasses */,
				DEAB467E18A6CA12008FB73D /* Categories */,
			);
			name = External;
			path = Utilities/External;
			sourceTree = "<group>";
		};
		DE56F53A18A9E013000BDF13 /* Bar Golf Tests */ = {
			isa = PBXGroup;
			children = (
				DE56F54A18A9E047000BDF13 /* Helpers */,
				DE56F54B18A9E056000BDF13 /* Tests */,
				DE56F53B18A9E013000BDF13 /* Supporting Files */,
			);
			path = "Bar Golf Tests";
			sourceTree = "<group>";
		};
		DE56F53B18A9E013000BDF13 /* Supporting Files */ = {
			isa = PBXGroup;
			children = (
				DE56F53C18A9E013000BDF13 /* Bar Golf Tests-Info.plist */,
				DE56F53D18A9E013000BDF13 /* InfoPlist.strings */,
				DE56F54218A9E013000BDF13 /* Bar Golf Tests-Prefix.pch */,
			);
			name = "Supporting Files";
			sourceTree = "<group>";
		};
		DE56F54818A9E02D000BDF13 /* Views */ = {
			isa = PBXGroup;
			children = (
				DE56F54918A9E031000BDF13 /* Login and Sign Up */,
			);
			name = Views;
			sourceTree = "<group>";
		};
		DE56F54918A9E031000BDF13 /* Login and Sign Up */ = {
			isa = PBXGroup;
			children = (
				DE7ECB5718AB51250027435A /* KKLoginViewControllerTests.m */,
				DE85B31F18B1353900040A9E /* KKForgotPasswordViewControllerTests.m */,
				DE85B31918B11A1E00040A9E /* KKSignUpViewControllerTests.m */,
			);
			name = "Login and Sign Up";
			sourceTree = "<group>";
		};
		DE56F54A18A9E047000BDF13 /* Helpers */ = {
			isa = PBXGroup;
			children = (
				DE91EFD618A9EAE900CE2489 /* Testing Categories */,
			);
			name = Helpers;
			sourceTree = "<group>";
		};
		DE56F54B18A9E056000BDF13 /* Tests */ = {
			isa = PBXGroup;
			children = (
				DE7ECB5918AB512F0027435A /* View Models */,
				DE56F54818A9E02D000BDF13 /* Views */,
			);
			name = Tests;
			sourceTree = "<group>";
		};
		DE7ECB5918AB512F0027435A /* View Models */ = {
			isa = PBXGroup;
			children = (
				DE09D77818AB5AAE00089371 /* KKLoginViewModelTests.m */,
				DE85B32118B1420E00040A9E /* KKForgotPasswordViewModelTests.m */,
				DE85B31C18B1210100040A9E /* KKSignUpViewModelTests.m */,
			);
			path = "View Models";
			sourceTree = "<group>";
		};
		DE85B32318B145B700040A9E /* Parse+RACExtensions */ = {
			isa = PBXGroup;
			children = (
				DE85B32418B145D100040A9E /* PFFacebookUtils+RACExtensions.h */,
				DE85B32518B145D100040A9E /* PFFacebookUtils+RACExtensions.m */,
				DE85B32718B14A8800040A9E /* PFRACCallbacks+BGS_Extensions.h */,
				DE85B32818B14A8800040A9E /* PFRACCallbacks+BGS_Extensions.m */,
				DE85B32A18B1735D00040A9E /* PFFile+RACExtensions.h */,
				DE85B32B18B1735D00040A9E /* PFFile+RACExtensions.m */,
			);
			path = "Parse+RACExtensions";
			sourceTree = "<group>";
		};
		DE91EFD618A9EAE900CE2489 /* Testing Categories */ = {
			isa = PBXGroup;
			children = (
				DE7ECB5618AB51120027435A /* KKImportHelper.h */,
			);
			name = "Testing Categories";
			sourceTree = "<group>";
		};
		DEAB465218A5FC79008FB73D /* Categories */ = {
			isa = PBXGroup;
			children = (
				DE85B32318B145B700040A9E /* Parse+RACExtensions */,
				DEAB465318A5FC79008FB73D /* NSString+EmailAdditions.h */,
				DEAB465418A5FC79008FB73D /* NSString+EmailAdditions.m */,
				DEAB465518A5FC79008FB73D /* UIImage Categories */,
			);
			path = Categories;
			sourceTree = "<group>";
		};
		DEAB465518A5FC79008FB73D /* UIImage Categories */ = {
			isa = PBXGroup;
			children = (
				DED1DF7B18C77BD200DB9088 /* UIImage+Coloring.h */,
				DED1DF7C18C77BD200DB9088 /* UIImage+Coloring.m */,
				DEAB465618A5FC79008FB73D /* UIImage+AlphaAdditions.h */,
				DEAB465718A5FC79008FB73D /* UIImage+AlphaAdditions.m */,
				DEAB465818A5FC79008FB73D /* UIImage+Colorization.h */,
				DEAB465918A5FC79008FB73D /* UIImage+Colorization.m */,
				DEAB465A18A5FC79008FB73D /* UIImage+ResizeAdditions.h */,
				DEAB465B18A5FC79008FB73D /* UIImage+ResizeAdditions.m */,
				DEAB465C18A5FC79008FB73D /* UIImage+RoundedCornerAdditions.h */,
				DEAB465D18A5FC79008FB73D /* UIImage+RoundedCornerAdditions.m */,
			);
			path = "UIImage Categories";
			sourceTree = "<group>";
		};
		DEAB467018A68295008FB73D /* STPTransitions */ = {
			isa = PBXGroup;
			children = (
				DEAB467418A68522008FB73D /* KKAllSTPTransitions.h */,
				DEAB466D18A6290C008FB73D /* STPSlideUpTransition.h */,
				DEAB466E18A6290C008FB73D /* STPSlideUpTransition.m */,
				DEAB467118A682C6008FB73D /* STPCardTransition.h */,
				DEAB467218A682C6008FB73D /* STPCardTransition.m */,
			);
			name = STPTransitions;
			sourceTree = "<group>";
		};
		DEAB467E18A6CA12008FB73D /* Categories */ = {
			isa = PBXGroup;
			children = (
				DEAB467F18A6CA36008FB73D /* JVFloatLabeledTextField+LabelText.h */,
				DEAB468018A6CA36008FB73D /* JVFloatLabeledTextField+LabelText.m */,
			);
			path = Categories;
			sourceTree = "<group>";
		};
		DEAB468618A82F1C008FB73D /* Subclasses */ = {
			isa = PBXGroup;
			children = (
				DEAB468718A82F3C008FB73D /* KKStatusBarNotification.h */,
				DEAB468818A82F3C008FB73D /* KKStatusBarNotification.m */,
			);
			path = Subclasses;
			sourceTree = "<group>";
		};
		DEAF54CD18786C990019F7FF = {
			isa = PBXGroup;
			children = (
				DEAB468C18A84BBD008FB73D /* System Design Specifications.text */,
				DEAB468418A80DAC008FB73D /* NOTES.text */,
				DEAF54DF18786C990019F7FF /* Bar Golf */,
				DE56F53A18A9E013000BDF13 /* Bar Golf Tests */,
				DEAF54D818786C990019F7FF /* Frameworks */,
				DEAF54D718786C990019F7FF /* Products */,
				17E43A40BFEB41C68877218D /* Pods.xcconfig */,
			);
			sourceTree = "<group>";
		};
		DEAF54D718786C990019F7FF /* Products */ = {
			isa = PBXGroup;
			children = (
				DEAF54D618786C990019F7FF /* Bar Golf.app */,
				DE56F53618A9E013000BDF13 /* Bar Golf Tests.xctest */,
			);
			name = Products;
			sourceTree = "<group>";
		};
		DEAF54D818786C990019F7FF /* Frameworks */ = {
			isa = PBXGroup;
			children = (
				DE8F39A2187882D3007D3942 /* Crashlytics.framework */,
				DEAF550E18786D8E0019F7FF /* MapKit.framework */,
				DEAF54D918786C990019F7FF /* Foundation.framework */,
				DEAF54DB18786C990019F7FF /* CoreGraphics.framework */,
				DEAF54DD18786C990019F7FF /* UIKit.framework */,
				DEAF54F818786C990019F7FF /* XCTest.framework */,
				F172BBDD0FFB49A6A15EA00F /* libPods.a */,
			);
			name = Frameworks;
			sourceTree = "<group>";
		};
		DEAF54DF18786C990019F7FF /* Bar Golf */ = {
			isa = PBXGroup;
			children = (
				DEAF54E818786C990019F7FF /* KKAppDelegate.h */,
				DEAF54E918786C990019F7FF /* KKAppDelegate.m */,
				DE0596841895F2BE00892F24 /* External */,
				DEE2EE8C1891E73F00FC2991 /* Utilities */,
				DEE2EEA41891F05300FC2991 /* Transitions */,
				DEE2EEA11891F05300FC2991 /* Base UI Files */,
				DEDA636918C81CCB00997763 /* Sections */,
				DEE8BAA218787C52000EA492 /* UI Resources */,
				DEAF54E018786C990019F7FF /* Supporting Files */,
			);
			name = "Bar Golf";
			path = bargolfstars;
			sourceTree = "<group>";
		};
		DEAF54E018786C990019F7FF /* Supporting Files */ = {
			isa = PBXGroup;
			children = (
				DEA274811878DFDC00ABA879 /* Bar Golf-Prefix.pch */,
				DEAF54E118786C990019F7FF /* Bar Golf-Info.plist */,
				DEAF54E218786C990019F7FF /* InfoPlist.strings */,
				DEAF54E518786C990019F7FF /* main.m */,
			);
			name = "Supporting Files";
			sourceTree = "<group>";
		};
		DEDA636118C807DA00997763 /* Views */ = {
			isa = PBXGroup;
			children = (
				DEDA636618C8177E00997763 /* KKBarGolfToolbarView.h */,
				DEDA636718C8177E00997763 /* KKBarGolfToolbarView.m */,
			);
			name = Views;
			sourceTree = "<group>";
		};
		DEDA636918C81CCB00997763 /* Sections */ = {
			isa = PBXGroup;
			children = (
				DEDA636A18C81CCB00997763 /* Bars and Taxis */,
				DEDA636D18C81CCB00997763 /* Login and Signup */,
				DEDA638018C81CCB00997763 /* Menu Items */,
			);
			path = Sections;
			sourceTree = "<group>";
		};
		DEDA636A18C81CCB00997763 /* Bars and Taxis */ = {
			isa = PBXGroup;
			children = (
				DEDA636B18C81CCB00997763 /* Call a Taxi */,
				DEDA636C18C81CCB00997763 /* Find a Bar */,
			);
			path = "Bars and Taxis";
			sourceTree = "<group>";
		};
		DEDA636B18C81CCB00997763 /* Call a Taxi */ = {
			isa = PBXGroup;
			children = (
			);
			path = "Call a Taxi";
			sourceTree = "<group>";
		};
		DEDA636C18C81CCB00997763 /* Find a Bar */ = {
			isa = PBXGroup;
			children = (
			);
			path = "Find a Bar";
			sourceTree = "<group>";
		};
		DEDA636D18C81CCB00997763 /* Login and Signup */ = {
			isa = PBXGroup;
			children = (
				DEDA636E18C81CCB00997763 /* KKForgotPasswordViewController.h */,
				DEDA636F18C81CCB00997763 /* KKForgotPasswordViewController.m */,
				DEDA637018C81CCB00997763 /* KKForgotPasswordViewController.xib */,
				DEDA637118C81CCB00997763 /* KKLogInViewController.h */,
				DEDA637218C81CCB00997763 /* KKLogInViewController.m */,
				DEDA637318C81CCB00997763 /* KKLoginViewController.xib */,
				DEDA637418C81CCB00997763 /* KKSignUpViewController.h */,
				DEDA637518C81CCB00997763 /* KKSignUpViewController.m */,
				DEDA637618C81CCB00997763 /* KKSignUpViewController.xib */,
				DEDA637718C81CCB00997763 /* KKWelcomeViewController.h */,
				DEDA637818C81CCB00997763 /* KKWelcomeViewController.m */,
				DEDA637918C81CCB00997763 /* View Models */,
			);
			path = "Login and Signup";
			sourceTree = "<group>";
		};
		DEDA637918C81CCB00997763 /* View Models */ = {
			isa = PBXGroup;
			children = (
				DEDA637A18C81CCB00997763 /* KKForgotPasswordViewModel.h */,
				DEDA637B18C81CCB00997763 /* KKForgotPasswordViewModel.m */,
				DEDA637C18C81CCB00997763 /* KKLoginViewModel.h */,
				DEDA637D18C81CCB00997763 /* KKLoginViewModel.m */,
				DEDA637E18C81CCB00997763 /* KKSignUpViewModel.h */,
				DEDA637F18C81CCB00997763 /* KKSignUpViewModel.m */,
			);
			path = "View Models";
			sourceTree = "<group>";
		};
		DEDA638018C81CCB00997763 /* Menu Items */ = {
			isa = PBXGroup;
			children = (
				DEDA638118C81CCB00997763 /* Acknowledgements */,
				DEDA638418C81CCB00997763 /* Create and Modify a Round */,
				DEDA638718C81CCB00997763 /* Current Leaderboard */,
				DEDA638A18C81CCB00997763 /* Disclaimer */,
				DEDA638D18C81CCB00997763 /* Join a Round */,
				DEDA639218C81CCB00997763 /* My Player Profile */,
				DEDA639518C81CCB00997763 /* My Scorecard */,
				DEDA639818C81CCB00997763 /* Privacy Policy and TOS */,
				DEDA639B18C81CCB00997763 /* Rules and Help */,
			);
			path = "Menu Items";
			sourceTree = "<group>";
		};
		DEDA638118C81CCB00997763 /* Acknowledgements */ = {
			isa = PBXGroup;
			children = (
				DEDA638218C81CCB00997763 /* KKAcknowledgementsViewController.h */,
				DEDA638318C81CCB00997763 /* KKAcknowledgementsViewController.m */,
			);
			path = Acknowledgements;
			sourceTree = "<group>";
		};
		DEDA638418C81CCB00997763 /* Create and Modify a Round */ = {
			isa = PBXGroup;
			children = (
				DEDA638518C81CCB00997763 /* KKCreateRoundViewController.h */,
				DEDA638618C81CCB00997763 /* KKCreateRoundViewController.m */,
			);
			path = "Create and Modify a Round";
			sourceTree = "<group>";
		};
		DEDA638718C81CCB00997763 /* Current Leaderboard */ = {
			isa = PBXGroup;
			children = (
				DEDA638818C81CCB00997763 /* KKCurrentLeaderboardViewController.h */,
				DEDA638918C81CCB00997763 /* KKCurrentLeaderboardViewController.m */,
			);
			path = "Current Leaderboard";
			sourceTree = "<group>";
		};
		DEDA638A18C81CCB00997763 /* Disclaimer */ = {
			isa = PBXGroup;
			children = (
				DEDA638B18C81CCB00997763 /* KKDisclaimerViewController.h */,
				DEDA638C18C81CCB00997763 /* KKDisclaimerViewController.m */,
			);
			path = Disclaimer;
			sourceTree = "<group>";
		};
		DEDA638D18C81CCB00997763 /* Join a Round */ = {
			isa = PBXGroup;
			children = (
				DEDA638E18C81CCB00997763 /* KKJoinRoundViewController.h */,
				DEDA638F18C81CCB00997763 /* KKJoinRoundViewController.m */,
				DEDA639018C81CCB00997763 /* KKModifyCurrentRoundViewController.h */,
				DEDA639118C81CCB00997763 /* KKModifyCurrentRoundViewController.m */,
			);
			path = "Join a Round";
			sourceTree = "<group>";
		};
		DEDA639218C81CCB00997763 /* My Player Profile */ = {
			isa = PBXGroup;
			children = (
				DEDA639318C81CCB00997763 /* KKMyPlayerProfileViewController.h */,
				DEDA639418C81CCB00997763 /* KKMyPlayerProfileViewController.m */,
			);
			path = "My Player Profile";
			sourceTree = "<group>";
		};
		DEDA639518C81CCB00997763 /* My Scorecard */ = {
			isa = PBXGroup;
			children = (
				DEDA639618C81CCB00997763 /* KKMyScorecardViewController.h */,
				DEDA639718C81CCB00997763 /* KKMyScorecardViewController.m */,
			);
			path = "My Scorecard";
			sourceTree = "<group>";
		};
		DEDA639818C81CCB00997763 /* Privacy Policy and TOS */ = {
			isa = PBXGroup;
			children = (
				DEDA639918C81CCB00997763 /* KKPrivacyPolicyViewController.h */,
				DEDA639A18C81CCB00997763 /* KKPrivacyPolicyViewController.m */,
			);
			path = "Privacy Policy and TOS";
			sourceTree = "<group>";
		};
		DEDA639B18C81CCB00997763 /* Rules and Help */ = {
			isa = PBXGroup;
			children = (
				DEDA639C18C81CCB00997763 /* KKHelpViewController.h */,
				DEDA639D18C81CCB00997763 /* KKHelpViewController.m */,
			);
			path = "Rules and Help";
			sourceTree = "<group>";
		};
		DEE2EE8C1891E73F00FC2991 /* Utilities */ = {
			isa = PBXGroup;
			children = (
				DEAB465218A5FC79008FB73D /* Categories */,
				DEE2EE9A1891E7EA00FC2991 /* KKConfig.h */,
				DEE2EE9B1891E7EA00FC2991 /* KKConfig.m */,
				DEE2EE9C1891E7EA00FC2991 /* KKMacros.h */,
				DE0596121895C0E500892F24 /* KKUtility.h */,
				DE0596131895C0E500892F24 /* KKUtility.m */,
				DE05963C1895C85600892F24 /* KKCache.h */,
				DE05963D1895C85600892F24 /* KKCache.m */,
			);
			path = Utilities;
			sourceTree = "<group>";
		};
		DEE2EEA11891F05300FC2991 /* Base UI Files */ = {
			isa = PBXGroup;
			children = (
				DEDA636118C807DA00997763 /* Views */,
				DEE2EEA21891F05300FC2991 /* KKMenuViewController.h */,
				DEE2EEA31891F05300FC2991 /* KKMenuViewController.m */,
				DEE2EEAC1891F07B00FC2991 /* KKNavigationController.h */,
				DEE2EEAD1891F07B00FC2991 /* KKNavigationController.m */,
			);
			path = "Base UI Files";
			sourceTree = "<group>";
		};
		DEE2EEA41891F05300FC2991 /* Transitions */ = {
			isa = PBXGroup;
			children = (
				DEAB467018A68295008FB73D /* STPTransitions */,
				DEE2EEA51891F05300FC2991 /* MEAnimationController.h */,
				DEE2EEA61891F05300FC2991 /* MEAnimationController.m */,
				DEE2EEA71891F05300FC2991 /* MEDynamicTransition.h */,
				DEE2EEA81891F05300FC2991 /* MEDynamicTransition.m */,
			);
			name = Transitions;
			path = "Base UI Files/Transitions";
			sourceTree = "<group>";
		};
		DEE8BAA218787C52000EA492 /* UI Resources */ = {
			isa = PBXGroup;
			children = (
				DE0A2A5D1878E3FE002DC39A /* Main.storyboard */,
				DEAF54F118786C990019F7FF /* Images.xcassets */,
			);
			name = "UI Resources";
			sourceTree = "<group>";
		};
/* End PBXGroup section */

/* Begin PBXNativeTarget section */
		DE56F53518A9E013000BDF13 /* Bar Golf Tests */ = {
			isa = PBXNativeTarget;
			buildConfigurationList = DE56F54518A9E013000BDF13 /* Build configuration list for PBXNativeTarget "Bar Golf Tests" */;
			buildPhases = (
				DE56F53218A9E013000BDF13 /* Sources */,
				DE56F53318A9E013000BDF13 /* Frameworks */,
				DE56F53418A9E013000BDF13 /* Resources */,
				OBJCLEANCUSTOMRUNSCRIPTT /* Objective-Clean Run Script */,
			);
			buildRules = (
			);
			dependencies = (
				DE56F54418A9E013000BDF13 /* PBXTargetDependency */,
			);
			name = "Bar Golf Tests";
			productName = "Bar Golf Tests";
			productReference = DE56F53618A9E013000BDF13 /* Bar Golf Tests.xctest */;
			productType = "com.apple.product-type.bundle.unit-test";
		};
		DEAF54D518786C990019F7FF /* Bar Golf */ = {
			isa = PBXNativeTarget;
			buildConfigurationList = DEAF550818786C990019F7FF /* Build configuration list for PBXNativeTarget "Bar Golf" */;
			buildPhases = (
				35050D218BA24DFDA55A5C8C /* Check Pods Manifest.lock */,
				DEAF54D218786C990019F7FF /* Sources */,
				DEAF54D318786C990019F7FF /* Frameworks */,
				DEAF54D418786C990019F7FF /* Resources */,
				FE15B1F260774FA684381E24 /* Copy Pods Resources */,
				DE8F39A11878829C007D3942 /* ShellScript */,
				OBJCLEANCUSTOMRUNSCRIPTT /* Objective-Clean Run Script */,
			);
			buildRules = (
			);
			dependencies = (
			);
			name = "Bar Golf";
			productName = bargolfstars;
			productReference = DEAF54D618786C990019F7FF /* Bar Golf.app */;
			productType = "com.apple.product-type.application";
		};
/* End PBXNativeTarget section */

/* Begin PBXProject section */
		DEAF54CE18786C990019F7FF /* Project object */ = {
			isa = PBXProject;
			attributes = {
				CLASSPREFIX = KK;
				LastUpgradeCheck = 0500;
				ORGANIZATIONNAME = "Kerry Knight";
				TargetAttributes = {
					DE56F53518A9E013000BDF13 = {
						TestTargetID = DEAF54D518786C990019F7FF;
					};
					DEAF54D518786C990019F7FF = {
						DevelopmentTeam = 2FXS3J8N9C;
					};
				};
			};
			buildConfigurationList = DEAF54D118786C990019F7FF /* Build configuration list for PBXProject "Bar Golf" */;
			compatibilityVersion = "Xcode 3.2";
			developmentRegion = English;
			hasScannedForEncodings = 0;
			knownRegions = (
				en,
				Base,
			);
			mainGroup = DEAF54CD18786C990019F7FF;
			productRefGroup = DEAF54D718786C990019F7FF /* Products */;
			projectDirPath = "";
			projectRoot = "";
			targets = (
				DEAF54D518786C990019F7FF /* Bar Golf */,
				DE56F53518A9E013000BDF13 /* Bar Golf Tests */,
			);
		};
/* End PBXProject section */

/* Begin PBXResourcesBuildPhase section */
		DE56F53418A9E013000BDF13 /* Resources */ = {
			isa = PBXResourcesBuildPhase;
			buildActionMask = 2147483647;
			files = (
				DE56F53F18A9E013000BDF13 /* InfoPlist.strings in Resources */,
			);
			runOnlyForDeploymentPostprocessing = 0;
		};
		DEAF54D418786C990019F7FF /* Resources */ = {
			isa = PBXResourcesBuildPhase;
			buildActionMask = 2147483647;
			files = (
				DEDA639F18C81CCB00997763 /* KKForgotPasswordViewController.xib in Resources */,
				DE0A2A5F1878E3FE002DC39A /* Main.storyboard in Resources */,
				DEAB468D18A84BBD008FB73D /* System Design Specifications.text in Resources */,
				DEAF54F218786C990019F7FF /* Images.xcassets in Resources */,
				DEDA63A118C81CCB00997763 /* KKLoginViewController.xib in Resources */,
				DEAB468518A80DAC008FB73D /* NOTES.text in Resources */,
				DEDA63A318C81CCB00997763 /* KKSignUpViewController.xib in Resources */,
				DEAF54E418786C990019F7FF /* InfoPlist.strings in Resources */,
			);
			runOnlyForDeploymentPostprocessing = 0;
		};
/* End PBXResourcesBuildPhase section */

/* Begin PBXShellScriptBuildPhase section */
		35050D218BA24DFDA55A5C8C /* Check Pods Manifest.lock */ = {
			isa = PBXShellScriptBuildPhase;
			buildActionMask = 2147483647;
			files = (
			);
			inputPaths = (
			);
			name = "Check Pods Manifest.lock";
			outputPaths = (
			);
			runOnlyForDeploymentPostprocessing = 0;
			shellPath = /bin/sh;
			shellScript = "diff \"${PODS_ROOT}/../Podfile.lock\" \"${PODS_ROOT}/Manifest.lock\" > /dev/null\nif [[ $? != 0 ]] ; then\n    cat << EOM\nerror: The sandbox is not in sync with the Podfile.lock. Run 'pod install' or update your CocoaPods installation.\nEOM\n    exit 1\nfi\n";
			showEnvVarsInLog = 0;
		};
		DE8F39A11878829C007D3942 /* ShellScript */ = {
			isa = PBXShellScriptBuildPhase;
			buildActionMask = 2147483647;
			files = (
			);
			inputPaths = (
			);
			outputPaths = (
			);
			runOnlyForDeploymentPostprocessing = 0;
			shellPath = /bin/sh;
			shellScript = "./Pods/CrashlyticsFramework/Crashlytics.framework/run 72614ec4b03fbf638deccdb46a34d1ef0b3a0a62";
		};
		FE15B1F260774FA684381E24 /* Copy Pods Resources */ = {
			isa = PBXShellScriptBuildPhase;
			buildActionMask = 2147483647;
			files = (
			);
			inputPaths = (
			);
			name = "Copy Pods Resources";
			outputPaths = (
			);
			runOnlyForDeploymentPostprocessing = 0;
			shellPath = /bin/sh;
			shellScript = "\"${SRCROOT}/Pods/Pods-resources.sh\"\n";
			showEnvVarsInLog = 0;
		};
		OBJCLEANCUSTOMRUNSCRIPTT /* Objective-Clean Run Script */ = {
			isa = PBXShellScriptBuildPhase;
			buildActionMask = 2147483647;
			files = (
			);
			inputPaths = (
			);
			name = "Objective-Clean Run Script";
			outputPaths = (
			);
			runOnlyForDeploymentPostprocessing = 0;
			shellPath = /bin/sh;
			shellScript = "if [[ -z ${SKIP_OBJCLEAN} || ${SKIP_OBJCLEAN} != 1 ]]; then\nif [[ -d \"${LOCAL_APPS_DIR}/Objective-Clean.app\" ]]; then \n\"${LOCAL_APPS_DIR}\"/Objective-Clean.app/Contents/Resources/ObjClean.app/Contents/MacOS/ObjClean \"${SRCROOT}\"?-NSS,-XCT,-Cra \nelse\necho \"warning: You have to install and set up Objective-Clean to use its features!\" \nfi\nfi";
		};
/* End PBXShellScriptBuildPhase section */

/* Begin PBXSourcesBuildPhase section */
		DE56F53218A9E013000BDF13 /* Sources */ = {
			isa = PBXSourcesBuildPhase;
			buildActionMask = 2147483647;
			files = (
				DE85B31A18B11A1E00040A9E /* KKSignUpViewControllerTests.m in Sources */,
				DE85B31B18B1205500040A9E /* KKLoginViewControllerTests.m in Sources */,
				DE85B32218B1420E00040A9E /* KKForgotPasswordViewModelTests.m in Sources */,
				DE85B32018B1353900040A9E /* KKForgotPasswordViewControllerTests.m in Sources */,
				DE85B31D18B1210100040A9E /* KKSignUpViewModelTests.m in Sources */,
				DE09D77918AB5AAE00089371 /* KKLoginViewModelTests.m in Sources */,
			);
			runOnlyForDeploymentPostprocessing = 0;
		};
		DEAF54D218786C990019F7FF /* Sources */ = {
			isa = PBXSourcesBuildPhase;
			buildActionMask = 2147483647;
			files = (
				DEDA639E18C81CCB00997763 /* KKForgotPasswordViewController.m in Sources */,
				DE85B32618B145D100040A9E /* PFFacebookUtils+RACExtensions.m in Sources */,
				DE0596141895C0E500892F24 /* KKUtility.m in Sources */,
				DEE2EEA91891F05300FC2991 /* KKMenuViewController.m in Sources */,
				DEDA63A418C81CCB00997763 /* KKWelcomeViewController.m in Sources */,
				DEDA63A618C81CCB00997763 /* KKLoginViewModel.m in Sources */,
				DEDA63A218C81CCB00997763 /* KKSignUpViewController.m in Sources */,
				DEDA636818C8177E00997763 /* KKBarGolfToolbarView.m in Sources */,
				DEAB466118A5FC79008FB73D /* UIImage+ResizeAdditions.m in Sources */,
				DEDA63AB18C81CCB00997763 /* KKDisclaimerViewController.m in Sources */,
				DEDA63B018C81CCB00997763 /* KKPrivacyPolicyViewController.m in Sources */,
				DEDA63A918C81CCB00997763 /* KKCreateRoundViewController.m in Sources */,
				DEE2EEAB1891F05300FC2991 /* MEDynamicTransition.m in Sources */,
				DEDA63AE18C81CCB00997763 /* KKMyPlayerProfileViewController.m in Sources */,
				DE85B32918B14A8800040A9E /* PFRACCallbacks+BGS_Extensions.m in Sources */,
				DEAB466F18A6290C008FB73D /* STPSlideUpTransition.m in Sources */,
				DEDA63A818C81CCB00997763 /* KKAcknowledgementsViewController.m in Sources */,
				DEAB468118A6CA36008FB73D /* JVFloatLabeledTextField+LabelText.m in Sources */,
				DEDA63A518C81CCB00997763 /* KKForgotPasswordViewModel.m in Sources */,
				DEDA63A718C81CCB00997763 /* KKSignUpViewModel.m in Sources */,
				DE85B32C18B1735D00040A9E /* PFFile+RACExtensions.m in Sources */,
				DEE2EEAE1891F07B00FC2991 /* KKNavigationController.m in Sources */,
				DE05963E1895C85600892F24 /* KKCache.m in Sources */,
				DEDA63B118C81CCB00997763 /* KKHelpViewController.m in Sources */,
				DEDA63A018C81CCB00997763 /* KKLogInViewController.m in Sources */,
				DEDA63AC18C81CCB00997763 /* KKJoinRoundViewController.m in Sources */,
				DEAB466018A5FC79008FB73D /* UIImage+Colorization.m in Sources */,
				DED1DF7D18C77BD200DB9088 /* UIImage+Coloring.m in Sources */,
				DEAB467318A682C6008FB73D /* STPCardTransition.m in Sources */,
				DEDA63AF18C81CCB00997763 /* KKMyScorecardViewController.m in Sources */,
				DEAF54EA18786C990019F7FF /* KKAppDelegate.m in Sources */,
				DEDA63AD18C81CCB00997763 /* KKModifyCurrentRoundViewController.m in Sources */,
				DEDA63AA18C81CCB00997763 /* KKCurrentLeaderboardViewController.m in Sources */,
				DEAB466218A5FC79008FB73D /* UIImage+RoundedCornerAdditions.m in Sources */,
				DEAB465E18A5FC79008FB73D /* NSString+EmailAdditions.m in Sources */,
				DEE2EEAA1891F05300FC2991 /* MEAnimationController.m in Sources */,
				DEAB465F18A5FC79008FB73D /* UIImage+AlphaAdditions.m in Sources */,
				DEAF54E618786C990019F7FF /* main.m in Sources */,
				DEAB468918A82F3C008FB73D /* KKStatusBarNotification.m in Sources */,
				DEE2EE9D1891E7EA00FC2991 /* KKConfig.m in Sources */,
			);
			runOnlyForDeploymentPostprocessing = 0;
		};
/* End PBXSourcesBuildPhase section */

/* Begin PBXTargetDependency section */
		DE56F54418A9E013000BDF13 /* PBXTargetDependency */ = {
			isa = PBXTargetDependency;
			target = DEAF54D518786C990019F7FF /* Bar Golf */;
			targetProxy = DE56F54318A9E013000BDF13 /* PBXContainerItemProxy */;
		};
/* End PBXTargetDependency section */

/* Begin PBXVariantGroup section */
		DE0A2A5D1878E3FE002DC39A /* Main.storyboard */ = {
			isa = PBXVariantGroup;
			children = (
				DE0A2A5E1878E3FE002DC39A /* Base */,
			);
			name = Main.storyboard;
			sourceTree = "<group>";
		};
		DE56F53D18A9E013000BDF13 /* InfoPlist.strings */ = {
			isa = PBXVariantGroup;
			children = (
				DE56F53E18A9E013000BDF13 /* en */,
			);
			name = InfoPlist.strings;
			sourceTree = "<group>";
		};
		DEAF54E218786C990019F7FF /* InfoPlist.strings */ = {
			isa = PBXVariantGroup;
			children = (
				DEAF54E318786C990019F7FF /* en */,
			);
			name = InfoPlist.strings;
			sourceTree = "<group>";
		};
/* End PBXVariantGroup section */

/* Begin XCBuildConfiguration section */
		DE56F54618A9E013000BDF13 /* Debug */ = {
			isa = XCBuildConfiguration;
			buildSettings = {
				ARCHS = "$(ARCHS_STANDARD_INCLUDING_64_BIT)";
				BUNDLE_LOADER = "$(BUILT_PRODUCTS_DIR)/Bar Golf.app/Bar Golf";
				FRAMEWORK_SEARCH_PATHS = (
					"\"${PODS_ROOT}/Parse\"",
					"$(SDKROOT)/Developer/Library/Frameworks",
					"$(inherited)",
					"$(DEVELOPER_FRAMEWORKS_DIR)",
				);
				GCC_PRECOMPILE_PREFIX_HEADER = YES;
				GCC_PREFIX_HEADER = "Bar Golf Tests/Bar Golf Tests-Prefix.pch";
				GCC_PREPROCESSOR_DEFINITIONS = (
					"DEBUG=1",
					"$(inherited)",
					"COCOAPODS=1",
				);
				HEADER_SEARCH_PATHS = (
					"$(inherited)",
					/Applications/Xcode.app/Contents/Developer/Toolchains/XcodeDefault.xctoolchain/usr/include,
					"${SRC_ROOT}",
					"${HEADERS_SEARCH_PATHS}",
					"${PODS_ROOT}",
					"\"${PODS_ROOT}/Headers\"",
					"\"${PODS_ROOT}/Headers/ReactiveCocoa\"",
					"\"${PODS_ROOT}/Headers/ReactiveCocoa/ReactiveCocoa\"",
					"\"${PODS_ROOT}/Headers/ReactiveViewModel\"",
					"\"${PODS_ROOT}/Parse\"",
					"\"${PODS_ROOT}/Headers/TRVSMonitor\"",
					"\"${PODS_ROOT}/Headers/Parse-RACExtensions\"",
				);
				INFOPLIST_FILE = "Bar Golf Tests/Bar Golf Tests-Info.plist";
				LIBRARY_SEARCH_PATHS = (
					"${PODS_ROOT}",
					"$(inherited)",
					"\"${PODS_ROOT}/Parse\"",
				);
				OTHER_LDFLAGS = (
					"$(inherited)",
					"-framework",
					XCTest,
					"-ObjC",
				);
				PODS_ROOT = "${SRCROOT}/Pods";
				PRODUCT_NAME = "$(TARGET_NAME)";
				TEST_HOST = "$(BUNDLE_LOADER)";
				WRAPPER_EXTENSION = xctest;
			};
			name = Debug;
		};
		DE56F54718A9E013000BDF13 /* Release */ = {
			isa = XCBuildConfiguration;
			buildSettings = {
				ARCHS = "$(ARCHS_STANDARD_INCLUDING_64_BIT)";
				BUNDLE_LOADER = "$(BUILT_PRODUCTS_DIR)/Bar Golf.app/Bar Golf";
				FRAMEWORK_SEARCH_PATHS = (
					"\"${PODS_ROOT}/Parse\"",
					"$(SDKROOT)/Developer/Library/Frameworks",
					"$(inherited)",
					"$(DEVELOPER_FRAMEWORKS_DIR)",
				);
				GCC_PRECOMPILE_PREFIX_HEADER = YES;
				GCC_PREFIX_HEADER = "Bar Golf Tests/Bar Golf Tests-Prefix.pch";
				HEADER_SEARCH_PATHS = (
					"$(inherited)",
					/Applications/Xcode.app/Contents/Developer/Toolchains/XcodeDefault.xctoolchain/usr/include,
					"${SRC_ROOT}",
					"${HEADERS_SEARCH_PATHS}",
					"${PODS_ROOT}",
					"\"${PODS_ROOT}/Headers\"",
					"\"${PODS_ROOT}/Headers/ReactiveCocoa\"",
					"\"${PODS_ROOT}/Headers/ReactiveCocoa/ReactiveCocoa\"",
					"\"${PODS_ROOT}/Headers/ReactiveViewModel\"",
					"\"${PODS_ROOT}/Parse\"",
					"\"${PODS_ROOT}/Headers/TRVSMonitor\"",
					"\"${PODS_ROOT}/Headers/Parse-RACExtensions\"",
				);
				INFOPLIST_FILE = "Bar Golf Tests/Bar Golf Tests-Info.plist";
				LIBRARY_SEARCH_PATHS = (
					"${PODS_ROOT}",
					"$(inherited)",
					"\"${PODS_ROOT}/Parse\"",
				);
				OTHER_LDFLAGS = (
					"$(inherited)",
					"-framework",
					XCTest,
					"-ObjC",
				);
				PODS_ROOT = "${SRCROOT}/Pods";
				PRODUCT_NAME = "$(TARGET_NAME)";
				TEST_HOST = "$(BUNDLE_LOADER)";
				WRAPPER_EXTENSION = xctest;
			};
			name = Release;
		};
		DEAF550618786C990019F7FF /* Debug */ = {
			isa = XCBuildConfiguration;
			buildSettings = {
				ALWAYS_SEARCH_USER_PATHS = NO;
				ARCHS = "$(ARCHS_STANDARD_INCLUDING_64_BIT)";
				CLANG_CXX_LANGUAGE_STANDARD = "gnu++0x";
				CLANG_CXX_LIBRARY = "libc++";
				CLANG_ENABLE_MODULES = YES;
				CLANG_ENABLE_OBJC_ARC = YES;
				CLANG_WARN_BOOL_CONVERSION = YES;
				CLANG_WARN_CONSTANT_CONVERSION = YES;
				CLANG_WARN_DIRECT_OBJC_ISA_USAGE = YES_ERROR;
				CLANG_WARN_EMPTY_BODY = YES;
				CLANG_WARN_ENUM_CONVERSION = YES;
				CLANG_WARN_INT_CONVERSION = YES;
				CLANG_WARN_OBJC_ROOT_CLASS = YES_ERROR;
				CLANG_WARN__DUPLICATE_METHOD_MATCH = YES;
				CODE_SIGN_IDENTITY = "iPhone Developer: Kerry Knight (98MP6F7M6L)";
				COPY_PHASE_STRIP = NO;
				GCC_C_LANGUAGE_STANDARD = gnu99;
				GCC_DYNAMIC_NO_PIC = NO;
				GCC_OPTIMIZATION_LEVEL = 0;
				GCC_PREPROCESSOR_DEFINITIONS = (
					"DEBUG=1",
					"$(inherited)",
				);
				GCC_SYMBOLS_PRIVATE_EXTERN = NO;
				GCC_WARN_64_TO_32_BIT_CONVERSION = YES;
				GCC_WARN_ABOUT_RETURN_TYPE = YES_ERROR;
				GCC_WARN_UNDECLARED_SELECTOR = YES;
				GCC_WARN_UNINITIALIZED_AUTOS = YES;
				GCC_WARN_UNUSED_FUNCTION = YES;
				GCC_WARN_UNUSED_VARIABLE = YES;
				IPHONEOS_DEPLOYMENT_TARGET = 7.0;
				ONLY_ACTIVE_ARCH = YES;
				PROVISIONING_PROFILE = "CD9D71B5-826D-4D6A-9102-EFC1ACD39CE4";
				SDKROOT = iphoneos;
			};
			name = Debug;
		};
		DEAF550718786C990019F7FF /* Release */ = {
			isa = XCBuildConfiguration;
			buildSettings = {
				ALWAYS_SEARCH_USER_PATHS = NO;
				ARCHS = "$(ARCHS_STANDARD_INCLUDING_64_BIT)";
				CLANG_CXX_LANGUAGE_STANDARD = "gnu++0x";
				CLANG_CXX_LIBRARY = "libc++";
				CLANG_ENABLE_MODULES = YES;
				CLANG_ENABLE_OBJC_ARC = YES;
				CLANG_WARN_BOOL_CONVERSION = YES;
				CLANG_WARN_CONSTANT_CONVERSION = YES;
				CLANG_WARN_DIRECT_OBJC_ISA_USAGE = YES_ERROR;
				CLANG_WARN_EMPTY_BODY = YES;
				CLANG_WARN_ENUM_CONVERSION = YES;
				CLANG_WARN_INT_CONVERSION = YES;
				CLANG_WARN_OBJC_ROOT_CLASS = YES_ERROR;
				CLANG_WARN__DUPLICATE_METHOD_MATCH = YES;
				CODE_SIGN_IDENTITY = "iPhone Developer: Kerry Knight (98MP6F7M6L)";
				COPY_PHASE_STRIP = YES;
				ENABLE_NS_ASSERTIONS = NO;
				GCC_C_LANGUAGE_STANDARD = gnu99;
				GCC_WARN_64_TO_32_BIT_CONVERSION = YES;
				GCC_WARN_ABOUT_RETURN_TYPE = YES_ERROR;
				GCC_WARN_UNDECLARED_SELECTOR = YES;
				GCC_WARN_UNINITIALIZED_AUTOS = YES;
				GCC_WARN_UNUSED_FUNCTION = YES;
				GCC_WARN_UNUSED_VARIABLE = YES;
				IPHONEOS_DEPLOYMENT_TARGET = 7.0;
				PROVISIONING_PROFILE = "CD9D71B5-826D-4D6A-9102-EFC1ACD39CE4";
				SDKROOT = iphoneos;
				VALIDATE_PRODUCT = YES;
			};
			name = Release;
		};
		DEAF550918786C990019F7FF /* Debug */ = {
			isa = XCBuildConfiguration;
			baseConfigurationReference = 17E43A40BFEB41C68877218D /* Pods.xcconfig */;
			buildSettings = {
				ASSETCATALOG_COMPILER_APPICON_NAME = AppIcon;
				ASSETCATALOG_COMPILER_LAUNCHIMAGE_NAME = LaunchImage;
				CODE_SIGN_IDENTITY = "iPhone Developer";
				"CODE_SIGN_IDENTITY[sdk=iphoneos*]" = "iPhone Developer";
				FRAMEWORK_SEARCH_PATHS = (
					"$(inherited)",
					"/Users/knight/Desktop/Kerry_Apps/Bar-Golf-iOS-v2/bargolfstars",
				);
				GCC_PRECOMPILE_PREFIX_HEADER = YES;
				GCC_PREFIX_HEADER = "bargolfstars/Bar Golf-Prefix.pch";
				GCC_PREPROCESSOR_DEFINITIONS = (
					"$(inherited)",
					"COCOAPODS=1",
					"XCODE_COLORS=1",
				);
				HEADER_SEARCH_PATHS = (
					"\"${PODS_ROOT}/Headers\"",
					"\"${PODS_ROOT}/Headers/JDStatusBarNotification\"",
					"\"${PODS_ROOT}/Headers/JazzHands\"",
					"\"${PODS_ROOT}/Headers/MRProgress\"",
					"\"${PODS_ROOT}/Headers/ReactiveCocoa\"",
					"\"${PODS_ROOT}/Headers/ReactiveCocoa/ReactiveCocoa\"",
					"\"${PODS_ROOT}/Headers/VTAcknowledgementsViewController\"",
					"\"${PODS_ROOT}/Headers/ECSlidingViewController\"",
				);
				INFOPLIST_FILE = "bargolfstars/Bar Golf-Info.plist";
				OTHER_LDFLAGS = (
					"-ObjC",
					"-lsqlite3",
					"-lz",
					"-framework",
					Accelerate,
					"-framework",
					AdSupport,
					"-framework",
					AudioToolbox,
					"-framework",
					CFNetwork,
					"-framework",
					CoreGraphics,
					"-framework",
					CoreLocation,
					"-framework",
					CoreText,
					"-framework",
					Foundation,
					"-framework",
					MobileCoreServices,
					"-framework",
					Parse,
					"-framework",
					QuartzCore,
					"-framework",
					RevMobAds,
					"-framework",
					Security,
					"-framework",
					StoreKit,
					"-framework",
					SystemConfiguration,
					"-framework",
					UIKit,
					"-weak_framework",
					Accounts,
					"-weak_framework",
					AdSupport,
					"-weak_framework",
					Security,
					"-weak_framework",
					Social,
					"-weak_framework",
					StoreKit,
					"-all_load",
				);
				PRODUCT_NAME = "Bar Golf";
				PROVISIONING_PROFILE = "";
				WRAPPER_EXTENSION = app;
			};
			name = Debug;
		};
		DEAF550A18786C990019F7FF /* Release */ = {
			isa = XCBuildConfiguration;
			baseConfigurationReference = 17E43A40BFEB41C68877218D /* Pods.xcconfig */;
			buildSettings = {
				ASSETCATALOG_COMPILER_APPICON_NAME = AppIcon;
				ASSETCATALOG_COMPILER_LAUNCHIMAGE_NAME = LaunchImage;
				CODE_SIGN_IDENTITY = "iPhone Developer";
				"CODE_SIGN_IDENTITY[sdk=iphoneos*]" = "iPhone Developer";
				FRAMEWORK_SEARCH_PATHS = (
					"$(inherited)",
					"/Users/knight/Desktop/Kerry_Apps/Bar-Golf-iOS-v2/bargolfstars",
				);
				GCC_PRECOMPILE_PREFIX_HEADER = YES;
				GCC_PREFIX_HEADER = "bargolfstars/Bar Golf-Prefix.pch";
				GCC_PREPROCESSOR_DEFINITIONS = (
					"$(inherited)",
					"COCOAPODS=1",
					"RELEASE=1",
				);
				HEADER_SEARCH_PATHS = (
					"\"${PODS_ROOT}/Headers\"",
					"\"${PODS_ROOT}/Headers/JDStatusBarNotification\"",
					"\"${PODS_ROOT}/Headers/JazzHands\"",
					"\"${PODS_ROOT}/Headers/MRProgress\"",
					"\"${PODS_ROOT}/Headers/ReactiveCocoa\"",
					"\"${PODS_ROOT}/Headers/ReactiveCocoa/ReactiveCocoa\"",
					"\"${PODS_ROOT}/Headers/VTAcknowledgementsViewController\"",
					"\"${PODS_ROOT}/Headers/ECSlidingViewController\"",
				);
				INFOPLIST_FILE = "bargolfstars/Bar Golf-Info.plist";
				OTHER_LDFLAGS = (
					"-ObjC",
					"-lsqlite3",
					"-lz",
					"-framework",
					Accelerate,
					"-framework",
					AdSupport,
					"-framework",
					AudioToolbox,
					"-framework",
					CFNetwork,
					"-framework",
					CoreGraphics,
					"-framework",
					CoreLocation,
					"-framework",
					CoreText,
					"-framework",
					Foundation,
					"-framework",
					MobileCoreServices,
					"-framework",
					Parse,
					"-framework",
					QuartzCore,
					"-framework",
					RevMobAds,
					"-framework",
					Security,
					"-framework",
					StoreKit,
					"-framework",
					SystemConfiguration,
					"-framework",
					UIKit,
					"-weak_framework",
					Accounts,
					"-weak_framework",
					AdSupport,
					"-weak_framework",
					Security,
					"-weak_framework",
					Social,
					"-weak_framework",
					StoreKit,
					"-all_load",
				);
				PRODUCT_NAME = "Bar Golf";
				PROVISIONING_PROFILE = "";
				WRAPPER_EXTENSION = app;
			};
			name = Release;
		};
/* End XCBuildConfiguration section */

/* Begin XCConfigurationList section */
		DE56F54518A9E013000BDF13 /* Build configuration list for PBXNativeTarget "Bar Golf Tests" */ = {
			isa = XCConfigurationList;
			buildConfigurations = (
				DE56F54618A9E013000BDF13 /* Debug */,
				DE56F54718A9E013000BDF13 /* Release */,
			);
			defaultConfigurationIsVisible = 0;
			defaultConfigurationName = Release;
		};
		DEAF54D118786C990019F7FF /* Build configuration list for PBXProject "Bar Golf" */ = {
			isa = XCConfigurationList;
			buildConfigurations = (
				DEAF550618786C990019F7FF /* Debug */,
				DEAF550718786C990019F7FF /* Release */,
			);
			defaultConfigurationIsVisible = 0;
			defaultConfigurationName = Release;
		};
		DEAF550818786C990019F7FF /* Build configuration list for PBXNativeTarget "Bar Golf" */ = {
			isa = XCConfigurationList;
			buildConfigurations = (
				DEAF550918786C990019F7FF /* Debug */,
				DEAF550A18786C990019F7FF /* Release */,
			);
			defaultConfigurationIsVisible = 0;
			defaultConfigurationName = Release;
		};
/* End XCConfigurationList section */
	};
	rootObject = DEAF54CE18786C990019F7FF /* Project object */;
}
